
Microsoft Visual Studio Solution File, Format Version 12.00
# Visual Studio Version 16
VisualStudioVersion = 16.0.30804.86
MinimumVisualStudioVersion = 10.0.40219.1
Project("{8BC9CEB8-8B4A-11D0-8D11-00A0C91BC942}") = "list_assignment", "list_assignment\list_assignment.vcxproj", "{25CEE039-6A22-4385-A6DB-2910A6C891AF}"
EndProject
Project("{8BC9CEB8-8B4A-11D0-8D11-00A0C91BC942}") = "list_test", "list_test\list_test.vcxproj", "{980E6383-EB64-4C75-A78F-30AD33041C37}"
EndProject
Global
	GlobalSection(SolutionConfigurationPlatforms) = preSolution
		Debug|x64 = Debug|x64
		Debug|x86 = Debug|x86
		Release|x64 = Release|x64
		Release|x86 = Release|x86
	EndGlobalSection
	GlobalSection(ProjectConfigurationPlatforms) = postSolution
		{25CEE039-6A22-4385-A6DB-2910A6C891AF}.Debug|x64.ActiveCfg = Debug|x64
		{25CEE039-6A22-4385-A6DB-2910A6C891AF}.Debug|x64.Build.0 = Debug|x64
		{25CEE039-6A22-4385-A6DB-2910A6C891AF}.Debug|x86.ActiveCfg = Debug|Win32
		{25CEE039-6A22-4385-A6DB-2910A6C891AF}.Debug|x86.Build.0 = Debug|Win32
		{25CEE039-6A22-4385-A6DB-2910A6C891AF}.Release|x64.ActiveCfg = Release|x64
		{25CEE039-6A22-4385-A6DB-2910A6C891AF}.Release|x64.Build.0 = Release|x64
		{25CEE039-6A22-4385-A6DB-2910A6C891AF}.Release|x86.ActiveCfg = Release|Win32
		{25CEE039-6A22-4385-A6DB-2910A6C891AF}.Release|x86.Build.0 = Release|Win32
		{980E6383-EB64-4C75-A78F-30AD33041C37}.Debug|x64.ActiveCfg = Debug|x64
		{980E6383-EB64-4C75-A78F-30AD33041C37}.Debug|x64.Build.0 = Debug|x64
		{980E6383-EB64-4C75-A78F-30AD33041C37}.Debug|x86.ActiveCfg = Debug|Win32
		{980E6383-EB64-4C75-A78F-30AD33041C37}.Debug|x86.Build.0 = Debug|Win32
		{980E6383-EB64-4C75-A78F-30AD33041C37}.Release|x64.ActiveCfg = Release|x64
		{980E6383-EB64-4C75-A78F-30AD33041C37}.Release|x64.Build.0 = Release|x64
		{980E6383-EB64-4C75-A78F-30AD33041C37}.Release|x86.ActiveCfg = Release|Win32
		{980E6383-EB64-4C75-A78F-30AD33041C37}.Release|x86.Build.0 = Release|Win32
	EndGlobalSection
	GlobalSection(SolutionProperties) = preSolution
		HideSolutionNode = FALSE
	EndGlobalSection
	GlobalSection(ExtensibilityGlobals) = postSolution
		SolutionGuid = {6005C3AB-6DC0-40BB-A5DD-98192B7A5A13}
	EndGlobalSection
EndGlobal
